### YamlMime:ManagedReference
items:
- uid: Beutl.Animation.IClock
  commentId: T:Beutl.Animation.IClock
  id: IClock
  parent: Beutl.Animation
  children:
  - Beutl.Animation.IClock.AudioDurationTime
  - Beutl.Animation.IClock.AudioStartTime
  - Beutl.Animation.IClock.BeginTime
  - Beutl.Animation.IClock.CurrentTime
  - Beutl.Animation.IClock.DurationTime
  - Beutl.Animation.IClock.GlobalClock
  langs:
  - csharp
  - vb
  name: IClock
  nameWithType: IClock
  fullName: Beutl.Animation.IClock
  type: Interface
  source:
    href: https://github.com/b-editor/beutl/blob/main/src/Beutl.Engine/Animation/IClock.cs
  assemblies:
  - Beutl.Engine
  namespace: Beutl.Animation
  syntax:
    content: public interface IClock
    content.vb: Public Interface IClock
- uid: Beutl.Animation.IClock.BeginTime
  commentId: P:Beutl.Animation.IClock.BeginTime
  id: BeginTime
  parent: Beutl.Animation.IClock
  langs:
  - csharp
  - vb
  name: BeginTime
  nameWithType: IClock.BeginTime
  fullName: Beutl.Animation.IClock.BeginTime
  type: Property
  source:
    href: https://github.com/b-editor/beutl/blob/main/src/Beutl.Engine/Animation/IClock.cs
  assemblies:
  - Beutl.Engine
  namespace: Beutl.Animation
  syntax:
    content: TimeSpan BeginTime { get; }
    parameters: []
    return:
      type: System.TimeSpan
    content.vb: ReadOnly Property BeginTime As TimeSpan
  overload: Beutl.Animation.IClock.BeginTime*
- uid: Beutl.Animation.IClock.DurationTime
  commentId: P:Beutl.Animation.IClock.DurationTime
  id: DurationTime
  parent: Beutl.Animation.IClock
  langs:
  - csharp
  - vb
  name: DurationTime
  nameWithType: IClock.DurationTime
  fullName: Beutl.Animation.IClock.DurationTime
  type: Property
  source:
    href: https://github.com/b-editor/beutl/blob/main/src/Beutl.Engine/Animation/IClock.cs
  assemblies:
  - Beutl.Engine
  namespace: Beutl.Animation
  syntax:
    content: TimeSpan DurationTime { get; }
    parameters: []
    return:
      type: System.TimeSpan
    content.vb: ReadOnly Property DurationTime As TimeSpan
  overload: Beutl.Animation.IClock.DurationTime*
- uid: Beutl.Animation.IClock.CurrentTime
  commentId: P:Beutl.Animation.IClock.CurrentTime
  id: CurrentTime
  parent: Beutl.Animation.IClock
  langs:
  - csharp
  - vb
  name: CurrentTime
  nameWithType: IClock.CurrentTime
  fullName: Beutl.Animation.IClock.CurrentTime
  type: Property
  source:
    href: https://github.com/b-editor/beutl/blob/main/src/Beutl.Engine/Animation/IClock.cs
  assemblies:
  - Beutl.Engine
  namespace: Beutl.Animation
  syntax:
    content: TimeSpan CurrentTime { get; }
    parameters: []
    return:
      type: System.TimeSpan
    content.vb: ReadOnly Property CurrentTime As TimeSpan
  overload: Beutl.Animation.IClock.CurrentTime*
- uid: Beutl.Animation.IClock.AudioStartTime
  commentId: P:Beutl.Animation.IClock.AudioStartTime
  id: AudioStartTime
  parent: Beutl.Animation.IClock
  langs:
  - csharp
  - vb
  name: AudioStartTime
  nameWithType: IClock.AudioStartTime
  fullName: Beutl.Animation.IClock.AudioStartTime
  type: Property
  source:
    href: https://github.com/b-editor/beutl/blob/main/src/Beutl.Engine/Animation/IClock.cs
  assemblies:
  - Beutl.Engine
  namespace: Beutl.Animation
  syntax:
    content: TimeSpan AudioStartTime { get; }
    parameters: []
    return:
      type: System.TimeSpan
    content.vb: ReadOnly Property AudioStartTime As TimeSpan
  overload: Beutl.Animation.IClock.AudioStartTime*
- uid: Beutl.Animation.IClock.AudioDurationTime
  commentId: P:Beutl.Animation.IClock.AudioDurationTime
  id: AudioDurationTime
  parent: Beutl.Animation.IClock
  langs:
  - csharp
  - vb
  name: AudioDurationTime
  nameWithType: IClock.AudioDurationTime
  fullName: Beutl.Animation.IClock.AudioDurationTime
  type: Property
  source:
    href: https://github.com/b-editor/beutl/blob/main/src/Beutl.Engine/Animation/IClock.cs
  assemblies:
  - Beutl.Engine
  namespace: Beutl.Animation
  syntax:
    content: TimeSpan AudioDurationTime { get; }
    parameters: []
    return:
      type: System.TimeSpan
    content.vb: ReadOnly Property AudioDurationTime As TimeSpan
  overload: Beutl.Animation.IClock.AudioDurationTime*
- uid: Beutl.Animation.IClock.GlobalClock
  commentId: P:Beutl.Animation.IClock.GlobalClock
  id: GlobalClock
  parent: Beutl.Animation.IClock
  langs:
  - csharp
  - vb
  name: GlobalClock
  nameWithType: IClock.GlobalClock
  fullName: Beutl.Animation.IClock.GlobalClock
  type: Property
  source:
    href: https://github.com/b-editor/beutl/blob/main/src/Beutl.Engine/Animation/IClock.cs
  assemblies:
  - Beutl.Engine
  namespace: Beutl.Animation
  syntax:
    content: IClock GlobalClock { get; }
    parameters: []
    return:
      type: Beutl.Animation.IClock
    content.vb: ReadOnly Property GlobalClock As IClock
  overload: Beutl.Animation.IClock.GlobalClock*
references:
- uid: Beutl.Animation
  commentId: N:Beutl.Animation
  isExternal: true
  href: Beutl.html
  name: Beutl.Animation
  nameWithType: Beutl.Animation
  fullName: Beutl.Animation
  spec.csharp:
  - uid: Beutl
    name: Beutl
    isExternal: true
    href: Beutl.html
  - name: .
  - uid: Beutl.Animation
    name: Animation
    isExternal: true
    href: Beutl.Animation.html
  spec.vb:
  - uid: Beutl
    name: Beutl
    isExternal: true
    href: Beutl.html
  - name: .
  - uid: Beutl.Animation
    name: Animation
    isExternal: true
    href: Beutl.Animation.html
- uid: Beutl.Animation.IClock.BeginTime*
  commentId: Overload:Beutl.Animation.IClock.BeginTime
  isExternal: true
  href: Beutl.Animation.IClock.html#Beutl_Animation_IClock_BeginTime
  name: BeginTime
  nameWithType: IClock.BeginTime
  fullName: Beutl.Animation.IClock.BeginTime
- uid: System.TimeSpan
  commentId: T:System.TimeSpan
  parent: System
  isExternal: true
  href: https://learn.microsoft.com/dotnet/api/system.timespan
  name: TimeSpan
  nameWithType: TimeSpan
  fullName: System.TimeSpan
- uid: System
  commentId: N:System
  isExternal: true
  href: https://learn.microsoft.com/dotnet/api/system
  name: System
  nameWithType: System
  fullName: System
- uid: Beutl.Animation.IClock.DurationTime*
  commentId: Overload:Beutl.Animation.IClock.DurationTime
  isExternal: true
  href: Beutl.Animation.IClock.html#Beutl_Animation_IClock_DurationTime
  name: DurationTime
  nameWithType: IClock.DurationTime
  fullName: Beutl.Animation.IClock.DurationTime
- uid: Beutl.Animation.IClock.CurrentTime*
  commentId: Overload:Beutl.Animation.IClock.CurrentTime
  isExternal: true
  href: Beutl.Animation.IClock.html#Beutl_Animation_IClock_CurrentTime
  name: CurrentTime
  nameWithType: IClock.CurrentTime
  fullName: Beutl.Animation.IClock.CurrentTime
- uid: Beutl.Animation.IClock.AudioStartTime*
  commentId: Overload:Beutl.Animation.IClock.AudioStartTime
  isExternal: true
  href: Beutl.Animation.IClock.html#Beutl_Animation_IClock_AudioStartTime
  name: AudioStartTime
  nameWithType: IClock.AudioStartTime
  fullName: Beutl.Animation.IClock.AudioStartTime
- uid: Beutl.Animation.IClock.AudioDurationTime*
  commentId: Overload:Beutl.Animation.IClock.AudioDurationTime
  isExternal: true
  href: Beutl.Animation.IClock.html#Beutl_Animation_IClock_AudioDurationTime
  name: AudioDurationTime
  nameWithType: IClock.AudioDurationTime
  fullName: Beutl.Animation.IClock.AudioDurationTime
- uid: Beutl.Animation.IClock.GlobalClock*
  commentId: Overload:Beutl.Animation.IClock.GlobalClock
  isExternal: true
  href: Beutl.Animation.IClock.html#Beutl_Animation_IClock_GlobalClock
  name: GlobalClock
  nameWithType: IClock.GlobalClock
  fullName: Beutl.Animation.IClock.GlobalClock
- uid: Beutl.Animation.IClock
  commentId: T:Beutl.Animation.IClock
  parent: Beutl.Animation
  isExternal: true
  href: Beutl.Animation.IClock.html
  name: IClock
  nameWithType: IClock
  fullName: Beutl.Animation.IClock
