### YamlMime:ManagedReference
items:
- uid: Beutl.Animation.InstanceClock
  commentId: T:Beutl.Animation.InstanceClock
  id: InstanceClock
  parent: Beutl.Animation
  children:
  - Beutl.Animation.InstanceClock.#ctor
  - Beutl.Animation.InstanceClock.AudioDurationTime
  - Beutl.Animation.InstanceClock.AudioStartTime
  - Beutl.Animation.InstanceClock.BeginTime
  - Beutl.Animation.InstanceClock.CurrentTime
  - Beutl.Animation.InstanceClock.DurationTime
  - Beutl.Animation.InstanceClock.GlobalClock
  langs:
  - csharp
  - vb
  name: InstanceClock
  nameWithType: InstanceClock
  fullName: Beutl.Animation.InstanceClock
  type: Class
  source:
    href: https://github.com/b-editor/beutl/blob/main/src/Beutl.Engine/Animation/InstanceClock.cs
  assemblies:
  - Beutl.Engine
  namespace: Beutl.Animation
  syntax:
    content: 'public sealed class InstanceClock : IClock'
    content.vb: Public NotInheritable Class InstanceClock Implements IClock
  inheritance:
  - System.Object
  implements:
  - Beutl.Animation.IClock
  inheritedMembers:
  - System.Object.GetType
  - System.Object.ToString
  - System.Object.Equals(System.Object)
  - System.Object.Equals(System.Object,System.Object)
  - System.Object.ReferenceEquals(System.Object,System.Object)
  - System.Object.GetHashCode
- uid: Beutl.Animation.InstanceClock.#ctor
  commentId: M:Beutl.Animation.InstanceClock.#ctor
  id: '#ctor'
  parent: Beutl.Animation.InstanceClock
  langs:
  - csharp
  - vb
  name: InstanceClock()
  nameWithType: InstanceClock.InstanceClock()
  fullName: Beutl.Animation.InstanceClock.InstanceClock()
  type: Constructor
  source:
    href: https://github.com/b-editor/beutl/blob/main/src/Beutl.Engine/Animation/InstanceClock.cs
  assemblies:
  - Beutl.Engine
  namespace: Beutl.Animation
  syntax:
    content: public InstanceClock()
    content.vb: Public Sub New()
  overload: Beutl.Animation.InstanceClock.#ctor*
  nameWithType.vb: InstanceClock.New()
  fullName.vb: Beutl.Animation.InstanceClock.New()
  name.vb: New()
- uid: Beutl.Animation.InstanceClock.CurrentTime
  commentId: P:Beutl.Animation.InstanceClock.CurrentTime
  id: CurrentTime
  parent: Beutl.Animation.InstanceClock
  langs:
  - csharp
  - vb
  name: CurrentTime
  nameWithType: InstanceClock.CurrentTime
  fullName: Beutl.Animation.InstanceClock.CurrentTime
  type: Property
  source:
    href: https://github.com/b-editor/beutl/blob/main/src/Beutl.Engine/Animation/InstanceClock.cs
  assemblies:
  - Beutl.Engine
  namespace: Beutl.Animation
  example: []
  syntax:
    content: public TimeSpan CurrentTime { get; set; }
    parameters: []
    return:
      type: System.TimeSpan
    content.vb: Public Property CurrentTime As TimeSpan
  overload: Beutl.Animation.InstanceClock.CurrentTime*
  implements:
  - Beutl.Animation.IClock.CurrentTime
- uid: Beutl.Animation.InstanceClock.AudioStartTime
  commentId: P:Beutl.Animation.InstanceClock.AudioStartTime
  id: AudioStartTime
  parent: Beutl.Animation.InstanceClock
  langs:
  - csharp
  - vb
  name: AudioStartTime
  nameWithType: InstanceClock.AudioStartTime
  fullName: Beutl.Animation.InstanceClock.AudioStartTime
  type: Property
  source:
    href: https://github.com/b-editor/beutl/blob/main/src/Beutl.Engine/Animation/InstanceClock.cs
  assemblies:
  - Beutl.Engine
  namespace: Beutl.Animation
  example: []
  syntax:
    content: public TimeSpan AudioStartTime { get; set; }
    parameters: []
    return:
      type: System.TimeSpan
    content.vb: Public Property AudioStartTime As TimeSpan
  overload: Beutl.Animation.InstanceClock.AudioStartTime*
  implements:
  - Beutl.Animation.IClock.AudioStartTime
- uid: Beutl.Animation.InstanceClock.AudioDurationTime
  commentId: P:Beutl.Animation.InstanceClock.AudioDurationTime
  id: AudioDurationTime
  parent: Beutl.Animation.InstanceClock
  langs:
  - csharp
  - vb
  name: AudioDurationTime
  nameWithType: InstanceClock.AudioDurationTime
  fullName: Beutl.Animation.InstanceClock.AudioDurationTime
  type: Property
  source:
    href: https://github.com/b-editor/beutl/blob/main/src/Beutl.Engine/Animation/InstanceClock.cs
  assemblies:
  - Beutl.Engine
  namespace: Beutl.Animation
  example: []
  syntax:
    content: public TimeSpan AudioDurationTime { get; set; }
    parameters: []
    return:
      type: System.TimeSpan
    content.vb: Public Property AudioDurationTime As TimeSpan
  overload: Beutl.Animation.InstanceClock.AudioDurationTime*
  implements:
  - Beutl.Animation.IClock.AudioDurationTime
- uid: Beutl.Animation.InstanceClock.BeginTime
  commentId: P:Beutl.Animation.InstanceClock.BeginTime
  id: BeginTime
  parent: Beutl.Animation.InstanceClock
  langs:
  - csharp
  - vb
  name: BeginTime
  nameWithType: InstanceClock.BeginTime
  fullName: Beutl.Animation.InstanceClock.BeginTime
  type: Property
  source:
    href: https://github.com/b-editor/beutl/blob/main/src/Beutl.Engine/Animation/InstanceClock.cs
  assemblies:
  - Beutl.Engine
  namespace: Beutl.Animation
  example: []
  syntax:
    content: public TimeSpan BeginTime { get; set; }
    parameters: []
    return:
      type: System.TimeSpan
    content.vb: Public Property BeginTime As TimeSpan
  overload: Beutl.Animation.InstanceClock.BeginTime*
  implements:
  - Beutl.Animation.IClock.BeginTime
- uid: Beutl.Animation.InstanceClock.DurationTime
  commentId: P:Beutl.Animation.InstanceClock.DurationTime
  id: DurationTime
  parent: Beutl.Animation.InstanceClock
  langs:
  - csharp
  - vb
  name: DurationTime
  nameWithType: InstanceClock.DurationTime
  fullName: Beutl.Animation.InstanceClock.DurationTime
  type: Property
  source:
    href: https://github.com/b-editor/beutl/blob/main/src/Beutl.Engine/Animation/InstanceClock.cs
  assemblies:
  - Beutl.Engine
  namespace: Beutl.Animation
  example: []
  syntax:
    content: public TimeSpan DurationTime { get; set; }
    parameters: []
    return:
      type: System.TimeSpan
    content.vb: Public Property DurationTime As TimeSpan
  overload: Beutl.Animation.InstanceClock.DurationTime*
  implements:
  - Beutl.Animation.IClock.DurationTime
- uid: Beutl.Animation.InstanceClock.GlobalClock
  commentId: P:Beutl.Animation.InstanceClock.GlobalClock
  id: GlobalClock
  parent: Beutl.Animation.InstanceClock
  langs:
  - csharp
  - vb
  name: GlobalClock
  nameWithType: InstanceClock.GlobalClock
  fullName: Beutl.Animation.InstanceClock.GlobalClock
  type: Property
  source:
    href: https://github.com/b-editor/beutl/blob/main/src/Beutl.Engine/Animation/InstanceClock.cs
  assemblies:
  - Beutl.Engine
  namespace: Beutl.Animation
  example: []
  syntax:
    content: public IClock GlobalClock { get; set; }
    parameters: []
    return:
      type: Beutl.Animation.IClock
    content.vb: Public Property GlobalClock As IClock
  overload: Beutl.Animation.InstanceClock.GlobalClock*
  implements:
  - Beutl.Animation.IClock.GlobalClock
references:
- uid: Beutl.Animation
  commentId: N:Beutl.Animation
  isExternal: true
  href: Beutl.html
  name: Beutl.Animation
  nameWithType: Beutl.Animation
  fullName: Beutl.Animation
  spec.csharp:
  - uid: Beutl
    name: Beutl
    isExternal: true
    href: Beutl.html
  - name: .
  - uid: Beutl.Animation
    name: Animation
    isExternal: true
    href: Beutl.Animation.html
  spec.vb:
  - uid: Beutl
    name: Beutl
    isExternal: true
    href: Beutl.html
  - name: .
  - uid: Beutl.Animation
    name: Animation
    isExternal: true
    href: Beutl.Animation.html
- uid: System.Object
  commentId: T:System.Object
  parent: System
  isExternal: true
  href: https://learn.microsoft.com/dotnet/api/system.object
  name: object
  nameWithType: object
  fullName: object
  nameWithType.vb: Object
  fullName.vb: Object
  name.vb: Object
- uid: Beutl.Animation.IClock
  commentId: T:Beutl.Animation.IClock
  parent: Beutl.Animation
  isExternal: true
  href: Beutl.Animation.IClock.html
  name: IClock
  nameWithType: IClock
  fullName: Beutl.Animation.IClock
- uid: System.Object.GetType
  commentId: M:System.Object.GetType
  parent: System.Object
  isExternal: true
  href: https://learn.microsoft.com/dotnet/api/system.object.gettype
  name: GetType()
  nameWithType: object.GetType()
  fullName: object.GetType()
  nameWithType.vb: Object.GetType()
  fullName.vb: Object.GetType()
  spec.csharp:
  - uid: System.Object.GetType
    name: GetType
    isExternal: true
    href: https://learn.microsoft.com/dotnet/api/system.object.gettype
  - name: (
  - name: )
  spec.vb:
  - uid: System.Object.GetType
    name: GetType
    isExternal: true
    href: https://learn.microsoft.com/dotnet/api/system.object.gettype
  - name: (
  - name: )
- uid: System.Object.ToString
  commentId: M:System.Object.ToString
  parent: System.Object
  isExternal: true
  href: https://learn.microsoft.com/dotnet/api/system.object.tostring
  name: ToString()
  nameWithType: object.ToString()
  fullName: object.ToString()
  nameWithType.vb: Object.ToString()
  fullName.vb: Object.ToString()
  spec.csharp:
  - uid: System.Object.ToString
    name: ToString
    isExternal: true
    href: https://learn.microsoft.com/dotnet/api/system.object.tostring
  - name: (
  - name: )
  spec.vb:
  - uid: System.Object.ToString
    name: ToString
    isExternal: true
    href: https://learn.microsoft.com/dotnet/api/system.object.tostring
  - name: (
  - name: )
- uid: System.Object.Equals(System.Object)
  commentId: M:System.Object.Equals(System.Object)
  parent: System.Object
  isExternal: true
  href: https://learn.microsoft.com/dotnet/api/system.object.equals#system-object-equals(system-object)
  name: Equals(object)
  nameWithType: object.Equals(object)
  fullName: object.Equals(object)
  nameWithType.vb: Object.Equals(Object)
  fullName.vb: Object.Equals(Object)
  name.vb: Equals(Object)
  spec.csharp:
  - uid: System.Object.Equals(System.Object)
    name: Equals
    isExternal: true
    href: https://learn.microsoft.com/dotnet/api/system.object.equals#system-object-equals(system-object)
  - name: (
  - uid: System.Object
    name: object
    isExternal: true
    href: https://learn.microsoft.com/dotnet/api/system.object
  - name: )
  spec.vb:
  - uid: System.Object.Equals(System.Object)
    name: Equals
    isExternal: true
    href: https://learn.microsoft.com/dotnet/api/system.object.equals#system-object-equals(system-object)
  - name: (
  - uid: System.Object
    name: Object
    isExternal: true
    href: https://learn.microsoft.com/dotnet/api/system.object
  - name: )
- uid: System.Object.Equals(System.Object,System.Object)
  commentId: M:System.Object.Equals(System.Object,System.Object)
  parent: System.Object
  isExternal: true
  href: https://learn.microsoft.com/dotnet/api/system.object.equals#system-object-equals(system-object-system-object)
  name: Equals(object, object)
  nameWithType: object.Equals(object, object)
  fullName: object.Equals(object, object)
  nameWithType.vb: Object.Equals(Object, Object)
  fullName.vb: Object.Equals(Object, Object)
  name.vb: Equals(Object, Object)
  spec.csharp:
  - uid: System.Object.Equals(System.Object,System.Object)
    name: Equals
    isExternal: true
    href: https://learn.microsoft.com/dotnet/api/system.object.equals#system-object-equals(system-object-system-object)
  - name: (
  - uid: System.Object
    name: object
    isExternal: true
    href: https://learn.microsoft.com/dotnet/api/system.object
  - name: ','
  - name: " "
  - uid: System.Object
    name: object
    isExternal: true
    href: https://learn.microsoft.com/dotnet/api/system.object
  - name: )
  spec.vb:
  - uid: System.Object.Equals(System.Object,System.Object)
    name: Equals
    isExternal: true
    href: https://learn.microsoft.com/dotnet/api/system.object.equals#system-object-equals(system-object-system-object)
  - name: (
  - uid: System.Object
    name: Object
    isExternal: true
    href: https://learn.microsoft.com/dotnet/api/system.object
  - name: ','
  - name: " "
  - uid: System.Object
    name: Object
    isExternal: true
    href: https://learn.microsoft.com/dotnet/api/system.object
  - name: )
- uid: System.Object.ReferenceEquals(System.Object,System.Object)
  commentId: M:System.Object.ReferenceEquals(System.Object,System.Object)
  parent: System.Object
  isExternal: true
  href: https://learn.microsoft.com/dotnet/api/system.object.referenceequals
  name: ReferenceEquals(object, object)
  nameWithType: object.ReferenceEquals(object, object)
  fullName: object.ReferenceEquals(object, object)
  nameWithType.vb: Object.ReferenceEquals(Object, Object)
  fullName.vb: Object.ReferenceEquals(Object, Object)
  name.vb: ReferenceEquals(Object, Object)
  spec.csharp:
  - uid: System.Object.ReferenceEquals(System.Object,System.Object)
    name: ReferenceEquals
    isExternal: true
    href: https://learn.microsoft.com/dotnet/api/system.object.referenceequals
  - name: (
  - uid: System.Object
    name: object
    isExternal: true
    href: https://learn.microsoft.com/dotnet/api/system.object
  - name: ','
  - name: " "
  - uid: System.Object
    name: object
    isExternal: true
    href: https://learn.microsoft.com/dotnet/api/system.object
  - name: )
  spec.vb:
  - uid: System.Object.ReferenceEquals(System.Object,System.Object)
    name: ReferenceEquals
    isExternal: true
    href: https://learn.microsoft.com/dotnet/api/system.object.referenceequals
  - name: (
  - uid: System.Object
    name: Object
    isExternal: true
    href: https://learn.microsoft.com/dotnet/api/system.object
  - name: ','
  - name: " "
  - uid: System.Object
    name: Object
    isExternal: true
    href: https://learn.microsoft.com/dotnet/api/system.object
  - name: )
- uid: System.Object.GetHashCode
  commentId: M:System.Object.GetHashCode
  parent: System.Object
  isExternal: true
  href: https://learn.microsoft.com/dotnet/api/system.object.gethashcode
  name: GetHashCode()
  nameWithType: object.GetHashCode()
  fullName: object.GetHashCode()
  nameWithType.vb: Object.GetHashCode()
  fullName.vb: Object.GetHashCode()
  spec.csharp:
  - uid: System.Object.GetHashCode
    name: GetHashCode
    isExternal: true
    href: https://learn.microsoft.com/dotnet/api/system.object.gethashcode
  - name: (
  - name: )
  spec.vb:
  - uid: System.Object.GetHashCode
    name: GetHashCode
    isExternal: true
    href: https://learn.microsoft.com/dotnet/api/system.object.gethashcode
  - name: (
  - name: )
- uid: System
  commentId: N:System
  isExternal: true
  href: https://learn.microsoft.com/dotnet/api/system
  name: System
  nameWithType: System
  fullName: System
- uid: Beutl.Animation.InstanceClock.#ctor*
  commentId: Overload:Beutl.Animation.InstanceClock.#ctor
  isExternal: true
  href: Beutl.Animation.InstanceClock.html#Beutl_Animation_InstanceClock__ctor
  name: InstanceClock
  nameWithType: InstanceClock.InstanceClock
  fullName: Beutl.Animation.InstanceClock.InstanceClock
  nameWithType.vb: InstanceClock.New
  fullName.vb: Beutl.Animation.InstanceClock.New
  name.vb: New
- uid: Beutl.Animation.InstanceClock.CurrentTime*
  commentId: Overload:Beutl.Animation.InstanceClock.CurrentTime
  isExternal: true
  href: Beutl.Animation.InstanceClock.html#Beutl_Animation_InstanceClock_CurrentTime
  name: CurrentTime
  nameWithType: InstanceClock.CurrentTime
  fullName: Beutl.Animation.InstanceClock.CurrentTime
- uid: Beutl.Animation.IClock.CurrentTime
  commentId: P:Beutl.Animation.IClock.CurrentTime
  parent: Beutl.Animation.IClock
  isExternal: true
  href: Beutl.Animation.IClock.html#Beutl_Animation_IClock_CurrentTime
  name: CurrentTime
  nameWithType: IClock.CurrentTime
  fullName: Beutl.Animation.IClock.CurrentTime
- uid: System.TimeSpan
  commentId: T:System.TimeSpan
  parent: System
  isExternal: true
  href: https://learn.microsoft.com/dotnet/api/system.timespan
  name: TimeSpan
  nameWithType: TimeSpan
  fullName: System.TimeSpan
- uid: Beutl.Animation.InstanceClock.AudioStartTime*
  commentId: Overload:Beutl.Animation.InstanceClock.AudioStartTime
  isExternal: true
  href: Beutl.Animation.InstanceClock.html#Beutl_Animation_InstanceClock_AudioStartTime
  name: AudioStartTime
  nameWithType: InstanceClock.AudioStartTime
  fullName: Beutl.Animation.InstanceClock.AudioStartTime
- uid: Beutl.Animation.IClock.AudioStartTime
  commentId: P:Beutl.Animation.IClock.AudioStartTime
  parent: Beutl.Animation.IClock
  isExternal: true
  href: Beutl.Animation.IClock.html#Beutl_Animation_IClock_AudioStartTime
  name: AudioStartTime
  nameWithType: IClock.AudioStartTime
  fullName: Beutl.Animation.IClock.AudioStartTime
- uid: Beutl.Animation.InstanceClock.AudioDurationTime*
  commentId: Overload:Beutl.Animation.InstanceClock.AudioDurationTime
  isExternal: true
  href: Beutl.Animation.InstanceClock.html#Beutl_Animation_InstanceClock_AudioDurationTime
  name: AudioDurationTime
  nameWithType: InstanceClock.AudioDurationTime
  fullName: Beutl.Animation.InstanceClock.AudioDurationTime
- uid: Beutl.Animation.IClock.AudioDurationTime
  commentId: P:Beutl.Animation.IClock.AudioDurationTime
  parent: Beutl.Animation.IClock
  isExternal: true
  href: Beutl.Animation.IClock.html#Beutl_Animation_IClock_AudioDurationTime
  name: AudioDurationTime
  nameWithType: IClock.AudioDurationTime
  fullName: Beutl.Animation.IClock.AudioDurationTime
- uid: Beutl.Animation.InstanceClock.BeginTime*
  commentId: Overload:Beutl.Animation.InstanceClock.BeginTime
  isExternal: true
  href: Beutl.Animation.InstanceClock.html#Beutl_Animation_InstanceClock_BeginTime
  name: BeginTime
  nameWithType: InstanceClock.BeginTime
  fullName: Beutl.Animation.InstanceClock.BeginTime
- uid: Beutl.Animation.IClock.BeginTime
  commentId: P:Beutl.Animation.IClock.BeginTime
  parent: Beutl.Animation.IClock
  isExternal: true
  href: Beutl.Animation.IClock.html#Beutl_Animation_IClock_BeginTime
  name: BeginTime
  nameWithType: IClock.BeginTime
  fullName: Beutl.Animation.IClock.BeginTime
- uid: Beutl.Animation.InstanceClock.DurationTime*
  commentId: Overload:Beutl.Animation.InstanceClock.DurationTime
  isExternal: true
  href: Beutl.Animation.InstanceClock.html#Beutl_Animation_InstanceClock_DurationTime
  name: DurationTime
  nameWithType: InstanceClock.DurationTime
  fullName: Beutl.Animation.InstanceClock.DurationTime
- uid: Beutl.Animation.IClock.DurationTime
  commentId: P:Beutl.Animation.IClock.DurationTime
  parent: Beutl.Animation.IClock
  isExternal: true
  href: Beutl.Animation.IClock.html#Beutl_Animation_IClock_DurationTime
  name: DurationTime
  nameWithType: IClock.DurationTime
  fullName: Beutl.Animation.IClock.DurationTime
- uid: Beutl.Animation.InstanceClock.GlobalClock*
  commentId: Overload:Beutl.Animation.InstanceClock.GlobalClock
  isExternal: true
  href: Beutl.Animation.InstanceClock.html#Beutl_Animation_InstanceClock_GlobalClock
  name: GlobalClock
  nameWithType: InstanceClock.GlobalClock
  fullName: Beutl.Animation.InstanceClock.GlobalClock
- uid: Beutl.Animation.IClock.GlobalClock
  commentId: P:Beutl.Animation.IClock.GlobalClock
  parent: Beutl.Animation.IClock
  isExternal: true
  href: Beutl.Animation.IClock.html#Beutl_Animation_IClock_GlobalClock
  name: GlobalClock
  nameWithType: IClock.GlobalClock
  fullName: Beutl.Animation.IClock.GlobalClock
